
Microsoft Visual Studio Solution File, Format Version 12.00
# Visual Studio Version 17
VisualStudioVersion = 17.14.36518.9
MinimumVisualStudioVersion = 10.0.40219.1
Project("{2150E333-8FDC-42A3-9474-1A3956D46DE8}") = "opc-bin", "opc-bin", "{02EA681E-C7D8-13C7-8484-4AC65E1B71E8}"
EndProject
Project("{2150E333-8FDC-42A3-9474-1A3956D46DE8}") = "Libraries", "Libraries", "{980D5CDB-23BB-4F2F-B2C2-F45D622E9ACA}"
EndProject
Project("{FAE04EC0-301F-11D3-BF4B-00C04F79EFBC}") = "OPCFoundation.ServerLib", "OPCFoundation.ServerLib\OPCFoundation.ServerLib.csproj", "{A8B03E62-57B3-422B-91F0-E0B2A4065EC5}"
EndProject
Project("{FAE04EC0-301F-11D3-BF4B-00C04F79EFBC}") = "OPCFoundation.ClientLib", "OPCFoundation.ClientLib\OPCFoundation.ClientLib.csproj", "{F15A60FE-C55C-4C19-8454-56E84E095060}"
EndProject
Project("{2150E333-8FDC-42A3-9474-1A3956D46DE8}") = "extern-bin", "extern-bin", "{F85778C2-B8D7-4F8A-B785-DDAB4094994E}"
	ProjectSection(SolutionItems) = preProject
		extern-bin\Interop.ActiveDs.dll = extern-bin\Interop.ActiveDs.dll
		extern-bin\Interop.NetFwTypeLib.dll = extern-bin\Interop.NetFwTypeLib.dll
		extern-bin\Opc.Ua.ComInterop.dll = extern-bin\Opc.Ua.ComInterop.dll
	EndProjectSection
EndProject
Project("{FAE04EC0-301F-11D3-BF4B-00C04F79EFBC}") = "DB.ModelLib", "DB.ModelLib\DB.ModelLib.csproj", "{4327994D-740D-405F-AEE5-E4C8C5B4AD95}"
EndProject
Project("{2150E333-8FDC-42A3-9474-1A3956D46DE8}") = "Model", "Model", "{1C875AF9-3B8E-43B6-923F-5349FDD20721}"
EndProject
Project("{00D1A9C2-B5F0-4AF3-8072-F6C62B433612}") = "SQL.GenericUAServer", "SQL.GenericUAServer\SQL.GenericUAServer.sqlproj", "{22F9B20D-DE25-4B8E-BAC8-412096BFEB9E}"
EndProject
Project("{FAE04EC0-301F-11D3-BF4B-00C04F79EFBC}") = "Model.GenericUAServer", "Model.GenericUAServer\Model.GenericUAServer.csproj", "{57455BC6-1855-437A-BB00-BFF85D3AC354}"
EndProject
Project("{FAE04EC0-301F-11D3-BF4B-00C04F79EFBC}") = "Hangfire.OPC.JobLib", "Hangfire.OPC.JobLib\Hangfire.OPC.JobLib.csproj", "{4F4288A3-B7D0-40AE-B6A4-09A1D4D936DF}"
EndProject
Project("{FAE04EC0-301F-11D3-BF4B-00C04F79EFBC}") = "OPCFoundation.TaskLib", "OPCFoundation.TaskLib\OPCFoundation.TaskLib.csproj", "{5FC8CE05-FBF5-49F3-823C-157DD529FDB5}"
EndProject
Project("{2150E333-8FDC-42A3-9474-1A3956D46DE8}") = "SDK", "SDK", "{81072954-DC3E-4804-954C-22D2B096A42C}"
EndProject
Project("{2150E333-8FDC-42A3-9474-1A3956D46DE8}") = "Stack", "Stack", "{BE05BFEA-0A90-4670-82DD-AD7810523501}"
EndProject
Project("{FAE04EC0-301F-11D3-BF4B-00C04F79EFBC}") = "UA Client Library", "..\OPC-Foundation-Labs-.Net-4.8\SDK\Client\UA Client Library.csproj", "{42E9198C-ED2C-4BC8-B0A1-55D91D8F1E90}"
EndProject
Project("{FAE04EC0-301F-11D3-BF4B-00C04F79EFBC}") = "UA Configuration Library", "..\OPC-Foundation-Labs-.Net-4.8\SDK\Configuration\UA Configuration Library.csproj", "{8AB4CB8E-E216-425D-B600-350D0B6B59CD}"
EndProject
Project("{FAE04EC0-301F-11D3-BF4B-00C04F79EFBC}") = "UA Client Controls", "..\OPC-Foundation-Labs-.Net-4.8\SDK\Controls\UA Client Controls.csproj", "{A247D2EE-14FC-463D-A9BA-6CFF1EF22B7A}"
EndProject
Project("{FAE04EC0-301F-11D3-BF4B-00C04F79EFBC}") = "UA Server Library", "..\OPC-Foundation-Labs-.Net-4.8\SDK\Server\UA Server Library.csproj", "{E16F908B-C338-4B0C-9E72-2ADAD8FB98D5}"
EndProject
Project("{FAE04EC0-301F-11D3-BF4B-00C04F79EFBC}") = "UA Core Library", "..\OPC-Foundation-Labs-.Net-4.8\Stack\Core\UA Core Library.csproj", "{7543AFCB-F5AF-44AF-83C9-23164474C1E9}"
EndProject
Project("{FAE04EC0-301F-11D3-BF4B-00C04F79EFBC}") = "Model.GenericUAServer", "Model.GenericUAServer\Model.GenericUAServer.csproj", "{3AF79D55-357E-4E50-9348-783B63705756}"
EndProject
Global
	GlobalSection(SolutionConfigurationPlatforms) = preSolution
		Debug|Any CPU = Debug|Any CPU
		Release|Any CPU = Release|Any CPU
	EndGlobalSection
	GlobalSection(ProjectConfigurationPlatforms) = postSolution
		{A8B03E62-57B3-422B-91F0-E0B2A4065EC5}.Debug|Any CPU.ActiveCfg = Debug|Any CPU
		{A8B03E62-57B3-422B-91F0-E0B2A4065EC5}.Debug|Any CPU.Build.0 = Debug|Any CPU
		{A8B03E62-57B3-422B-91F0-E0B2A4065EC5}.Release|Any CPU.ActiveCfg = Release|Any CPU
		{A8B03E62-57B3-422B-91F0-E0B2A4065EC5}.Release|Any CPU.Build.0 = Release|Any CPU
		{F15A60FE-C55C-4C19-8454-56E84E095060}.Debug|Any CPU.ActiveCfg = Debug|Any CPU
		{F15A60FE-C55C-4C19-8454-56E84E095060}.Debug|Any CPU.Build.0 = Debug|Any CPU
		{F15A60FE-C55C-4C19-8454-56E84E095060}.Release|Any CPU.ActiveCfg = Release|Any CPU
		{F15A60FE-C55C-4C19-8454-56E84E095060}.Release|Any CPU.Build.0 = Release|Any CPU
		{4327994D-740D-405F-AEE5-E4C8C5B4AD95}.Debug|Any CPU.ActiveCfg = Debug|Any CPU
		{4327994D-740D-405F-AEE5-E4C8C5B4AD95}.Debug|Any CPU.Build.0 = Debug|Any CPU
		{4327994D-740D-405F-AEE5-E4C8C5B4AD95}.Release|Any CPU.ActiveCfg = Release|Any CPU
		{4327994D-740D-405F-AEE5-E4C8C5B4AD95}.Release|Any CPU.Build.0 = Release|Any CPU
		{22F9B20D-DE25-4B8E-BAC8-412096BFEB9E}.Debug|Any CPU.ActiveCfg = Debug|Any CPU
		{22F9B20D-DE25-4B8E-BAC8-412096BFEB9E}.Debug|Any CPU.Build.0 = Debug|Any CPU
		{22F9B20D-DE25-4B8E-BAC8-412096BFEB9E}.Debug|Any CPU.Deploy.0 = Debug|Any CPU
		{22F9B20D-DE25-4B8E-BAC8-412096BFEB9E}.Release|Any CPU.ActiveCfg = Release|Any CPU
		{22F9B20D-DE25-4B8E-BAC8-412096BFEB9E}.Release|Any CPU.Build.0 = Release|Any CPU
		{22F9B20D-DE25-4B8E-BAC8-412096BFEB9E}.Release|Any CPU.Deploy.0 = Release|Any CPU
		{57455BC6-1855-437A-BB00-BFF85D3AC354}.Debug|Any CPU.ActiveCfg = Debug|Any CPU
		{57455BC6-1855-437A-BB00-BFF85D3AC354}.Debug|Any CPU.Build.0 = Debug|Any CPU
		{57455BC6-1855-437A-BB00-BFF85D3AC354}.Release|Any CPU.ActiveCfg = Release|Any CPU
		{57455BC6-1855-437A-BB00-BFF85D3AC354}.Release|Any CPU.Build.0 = Release|Any CPU
		{4F4288A3-B7D0-40AE-B6A4-09A1D4D936DF}.Debug|Any CPU.ActiveCfg = Debug|Any CPU
		{4F4288A3-B7D0-40AE-B6A4-09A1D4D936DF}.Debug|Any CPU.Build.0 = Debug|Any CPU
		{4F4288A3-B7D0-40AE-B6A4-09A1D4D936DF}.Release|Any CPU.ActiveCfg = Release|Any CPU
		{4F4288A3-B7D0-40AE-B6A4-09A1D4D936DF}.Release|Any CPU.Build.0 = Release|Any CPU
		{5FC8CE05-FBF5-49F3-823C-157DD529FDB5}.Debug|Any CPU.ActiveCfg = Debug|Any CPU
		{5FC8CE05-FBF5-49F3-823C-157DD529FDB5}.Debug|Any CPU.Build.0 = Debug|Any CPU
		{5FC8CE05-FBF5-49F3-823C-157DD529FDB5}.Release|Any CPU.ActiveCfg = Release|Any CPU
		{5FC8CE05-FBF5-49F3-823C-157DD529FDB5}.Release|Any CPU.Build.0 = Release|Any CPU
		{42E9198C-ED2C-4BC8-B0A1-55D91D8F1E90}.Debug|Any CPU.ActiveCfg = Debug|Any CPU
		{42E9198C-ED2C-4BC8-B0A1-55D91D8F1E90}.Debug|Any CPU.Build.0 = Debug|Any CPU
		{42E9198C-ED2C-4BC8-B0A1-55D91D8F1E90}.Release|Any CPU.ActiveCfg = Release|Any CPU
		{42E9198C-ED2C-4BC8-B0A1-55D91D8F1E90}.Release|Any CPU.Build.0 = Release|Any CPU
		{8AB4CB8E-E216-425D-B600-350D0B6B59CD}.Debug|Any CPU.ActiveCfg = Debug|Any CPU
		{8AB4CB8E-E216-425D-B600-350D0B6B59CD}.Debug|Any CPU.Build.0 = Debug|Any CPU
		{8AB4CB8E-E216-425D-B600-350D0B6B59CD}.Release|Any CPU.ActiveCfg = Release|Any CPU
		{8AB4CB8E-E216-425D-B600-350D0B6B59CD}.Release|Any CPU.Build.0 = Release|Any CPU
		{A247D2EE-14FC-463D-A9BA-6CFF1EF22B7A}.Debug|Any CPU.ActiveCfg = Debug|Any CPU
		{A247D2EE-14FC-463D-A9BA-6CFF1EF22B7A}.Debug|Any CPU.Build.0 = Debug|Any CPU
		{A247D2EE-14FC-463D-A9BA-6CFF1EF22B7A}.Release|Any CPU.ActiveCfg = Release|Any CPU
		{A247D2EE-14FC-463D-A9BA-6CFF1EF22B7A}.Release|Any CPU.Build.0 = Release|Any CPU
		{E16F908B-C338-4B0C-9E72-2ADAD8FB98D5}.Debug|Any CPU.ActiveCfg = Debug|Any CPU
		{E16F908B-C338-4B0C-9E72-2ADAD8FB98D5}.Debug|Any CPU.Build.0 = Debug|Any CPU
		{E16F908B-C338-4B0C-9E72-2ADAD8FB98D5}.Release|Any CPU.ActiveCfg = Release|Any CPU
		{E16F908B-C338-4B0C-9E72-2ADAD8FB98D5}.Release|Any CPU.Build.0 = Release|Any CPU
		{7543AFCB-F5AF-44AF-83C9-23164474C1E9}.Debug|Any CPU.ActiveCfg = Debug|Any CPU
		{7543AFCB-F5AF-44AF-83C9-23164474C1E9}.Debug|Any CPU.Build.0 = Debug|Any CPU
		{7543AFCB-F5AF-44AF-83C9-23164474C1E9}.Release|Any CPU.ActiveCfg = Release|Any CPU
		{7543AFCB-F5AF-44AF-83C9-23164474C1E9}.Release|Any CPU.Build.0 = Release|Any CPU
		{3AF79D55-357E-4E50-9348-783B63705756}.Debug|Any CPU.ActiveCfg = Debug|Any CPU
		{3AF79D55-357E-4E50-9348-783B63705756}.Debug|Any CPU.Build.0 = Debug|Any CPU
		{3AF79D55-357E-4E50-9348-783B63705756}.Release|Any CPU.ActiveCfg = Release|Any CPU
		{3AF79D55-357E-4E50-9348-783B63705756}.Release|Any CPU.Build.0 = Release|Any CPU
	EndGlobalSection
	GlobalSection(SolutionProperties) = preSolution
		HideSolutionNode = FALSE
	EndGlobalSection
	GlobalSection(NestedProjects) = preSolution
		{A8B03E62-57B3-422B-91F0-E0B2A4065EC5} = {980D5CDB-23BB-4F2F-B2C2-F45D622E9ACA}
		{F15A60FE-C55C-4C19-8454-56E84E095060} = {980D5CDB-23BB-4F2F-B2C2-F45D622E9ACA}
		{4327994D-740D-405F-AEE5-E4C8C5B4AD95} = {980D5CDB-23BB-4F2F-B2C2-F45D622E9ACA}
		{22F9B20D-DE25-4B8E-BAC8-412096BFEB9E} = {1C875AF9-3B8E-43B6-923F-5349FDD20721}
		{57455BC6-1855-437A-BB00-BFF85D3AC354} = {1C875AF9-3B8E-43B6-923F-5349FDD20721}
		{4F4288A3-B7D0-40AE-B6A4-09A1D4D936DF} = {980D5CDB-23BB-4F2F-B2C2-F45D622E9ACA}
		{5FC8CE05-FBF5-49F3-823C-157DD529FDB5} = {980D5CDB-23BB-4F2F-B2C2-F45D622E9ACA}
		{42E9198C-ED2C-4BC8-B0A1-55D91D8F1E90} = {81072954-DC3E-4804-954C-22D2B096A42C}
		{8AB4CB8E-E216-425D-B600-350D0B6B59CD} = {81072954-DC3E-4804-954C-22D2B096A42C}
		{A247D2EE-14FC-463D-A9BA-6CFF1EF22B7A} = {81072954-DC3E-4804-954C-22D2B096A42C}
		{E16F908B-C338-4B0C-9E72-2ADAD8FB98D5} = {81072954-DC3E-4804-954C-22D2B096A42C}
		{7543AFCB-F5AF-44AF-83C9-23164474C1E9} = {BE05BFEA-0A90-4670-82DD-AD7810523501}
		{3AF79D55-357E-4E50-9348-783B63705756} = {980D5CDB-23BB-4F2F-B2C2-F45D622E9ACA}
	EndGlobalSection
	GlobalSection(ExtensibilityGlobals) = postSolution
		SolutionGuid = {AA41AE0D-234E-4311-AC9F-AE8F280F56C5}
	EndGlobalSection
EndGlobal
